
Microsoft Visual Studio Solution File, Format Version 12.00
# Visual Studio 2015
Project("{FAE04EC0-301F-11D3-BF4B-00C04F79EFBC}") = "GadanjeNozevima.Plugins", "GadanjeNozevima.Plugins.csproj", "{240139F2-308C-66C3-B74C-B189EEE657B8}"
EndProject
Project("{FAE04EC0-301F-11D3-BF4B-00C04F79EFBC}") = "GadanjeNozevima", "GadanjeNozevima.csproj", "{344F80E3-DC0E-AEC5-F4AC-10DC2A78CA84}"
EndProject
Project("{FAE04EC0-301F-11D3-BF4B-00C04F79EFBC}") = "GadanjeNozevima.Editor.Plugins", "GadanjeNozevima.Editor.Plugins.csproj", "{2B1F75AE-F99C-8F66-55F4-157D1C16EB7F}"
EndProject
Global
	GlobalSection(SolutionConfigurationPlatforms) = preSolution
		Debug|Any CPU = Debug|Any CPU
		Release|Any CPU = Release|Any CPU
	EndGlobalSection
	GlobalSection(ProjectConfigurationPlatforms) = postSolution
		{240139F2-308C-66C3-B74C-B189EEE657B8}.Debug|Any CPU.ActiveCfg = Debug|Any CPU
		{240139F2-308C-66C3-B74C-B189EEE657B8}.Debug|Any CPU.Build.0 = Debug|Any CPU
		{240139F2-308C-66C3-B74C-B189EEE657B8}.Release|Any CPU.ActiveCfg = Release|Any CPU
		{240139F2-308C-66C3-B74C-B189EEE657B8}.Release|Any CPU.Build.0 = Release|Any CPU
		{344F80E3-DC0E-AEC5-F4AC-10DC2A78CA84}.Debug|Any CPU.ActiveCfg = Debug|Any CPU
		{344F80E3-DC0E-AEC5-F4AC-10DC2A78CA84}.Debug|Any CPU.Build.0 = Debug|Any CPU
		{344F80E3-DC0E-AEC5-F4AC-10DC2A78CA84}.Release|Any CPU.ActiveCfg = Release|Any CPU
		{344F80E3-DC0E-AEC5-F4AC-10DC2A78CA84}.Release|Any CPU.Build.0 = Release|Any CPU
		{2B1F75AE-F99C-8F66-55F4-157D1C16EB7F}.Debug|Any CPU.ActiveCfg = Debug|Any CPU
		{2B1F75AE-F99C-8F66-55F4-157D1C16EB7F}.Debug|Any CPU.Build.0 = Debug|Any CPU
		{2B1F75AE-F99C-8F66-55F4-157D1C16EB7F}.Release|Any CPU.ActiveCfg = Release|Any CPU
		{2B1F75AE-F99C-8F66-55F4-157D1C16EB7F}.Release|Any CPU.Build.0 = Release|Any CPU
	EndGlobalSection
	GlobalSection(SolutionProperties) = preSolution
		HideSolutionNode = FALSE
	EndGlobalSection
EndGlobal
