Microsoft Visual Studio Solution File, Format Version 11.00
# Visual Studio 2008

Project("{2FF92200-D435-D495-4872-07892DA67259}") = "GadanjeNozevima", "Assembly-CSharp-firstpass.csproj", "{97AB6108-ADB3-36AC-98B9-5DB5FF44102D}"
EndProject
Project("{2FF92200-D435-D495-4872-07892DA67259}") = "GadanjeNozevima", "Assembly-CSharp.csproj", "{7DFFBC9E-D4AA-27E3-0428-E799E31E96ED}"
EndProject
Project("{2FF92200-D435-D495-4872-07892DA67259}") = "GadanjeNozevima", "Assembly-CSharp-Editor-firstpass.csproj", "{F8CD26E5-C141-9993-BF97-FD5296996CE6}"
EndProject
Global
	GlobalSection(SolutionConfigurationPlatforms) = preSolution
		Debug|Any CPU = Debug|Any CPU
		Release|Any CPU = Release|Any CPU
	EndGlobalSection
	GlobalSection(ProjectConfigurationPlatforms) = postSolution
		{97AB6108-ADB3-36AC-98B9-5DB5FF44102D}.Debug|Any CPU.ActiveCfg = Debug|Any CPU
		{97AB6108-ADB3-36AC-98B9-5DB5FF44102D}.Debug|Any CPU.Build.0 = Debug|Any CPU
		{97AB6108-ADB3-36AC-98B9-5DB5FF44102D}.Release|Any CPU.ActiveCfg = Release|Any CPU
		{97AB6108-ADB3-36AC-98B9-5DB5FF44102D}.Release|Any CPU.Build.0 = Release|Any CPU
		{7DFFBC9E-D4AA-27E3-0428-E799E31E96ED}.Debug|Any CPU.ActiveCfg = Debug|Any CPU
		{7DFFBC9E-D4AA-27E3-0428-E799E31E96ED}.Debug|Any CPU.Build.0 = Debug|Any CPU
		{7DFFBC9E-D4AA-27E3-0428-E799E31E96ED}.Release|Any CPU.ActiveCfg = Release|Any CPU
		{7DFFBC9E-D4AA-27E3-0428-E799E31E96ED}.Release|Any CPU.Build.0 = Release|Any CPU
		{F8CD26E5-C141-9993-BF97-FD5296996CE6}.Debug|Any CPU.ActiveCfg = Debug|Any CPU
		{F8CD26E5-C141-9993-BF97-FD5296996CE6}.Debug|Any CPU.Build.0 = Debug|Any CPU
		{F8CD26E5-C141-9993-BF97-FD5296996CE6}.Release|Any CPU.ActiveCfg = Release|Any CPU
		{F8CD26E5-C141-9993-BF97-FD5296996CE6}.Release|Any CPU.Build.0 = Release|Any CPU
	EndGlobalSection
	GlobalSection(SolutionProperties) = preSolution
		HideSolutionNode = FALSE
	EndGlobalSection
	GlobalSection(MonoDevelopProperties) = preSolution
		StartupItem = Assembly-CSharp.csproj
	EndGlobalSection
EndGlobal
